
Microsoft Visual Studio Solution File, Format Version 12.00
# Visual Studio Version 17
VisualStudioVersion = 17.0.31903.59
MinimumVisualStudioVersion = 10.0.40219.1
Project("{2150E333-8FDC-42A3-9474-1A3956D46DE8}") = "Framework", "Framework", "{9A0CCAB9-4303-13B4-2371-F1B97FF5B728}"
EndProject
Project("{FAE04EC0-301F-11D3-BF4B-00C04F79EFBC}") = "AeroTech.Framework.Core", "Framework\AeroTech.Framework.Core\AeroTech.Framework.Core.csproj", "{A304091A-59BB-4ED4-99CB-28E20EEBFCFF}"
EndProject
Project("{FAE04EC0-301F-11D3-BF4B-00C04F79EFBC}") = "AeroTech.Framework.Infrastructure", "Framework\AeroTech.Framework.Infrastructure\AeroTech.Framework.Infrastructure.csproj", "{85DD446A-6AD0-4468-9667-5C105C1110FA}"
EndProject
Project("{FAE04EC0-301F-11D3-BF4B-00C04F79EFBC}") = "AeroTech.Framework.Presentation", "Framework\AeroTech.Framework.Presentation\AeroTech.Framework.Presentation.csproj", "{A0D391E1-D79F-4209-BFE8-2D269544DCD7}"
EndProject
Project("{2150E333-8FDC-42A3-9474-1A3956D46DE8}") = "Contracts", "Contracts", "{A73F2606-6D4C-3EEE-1759-0E59DCFEF523}"
EndProject
Project("{FAE04EC0-301F-11D3-BF4B-00C04F79EFBC}") = "AeroTech.Messages", "Contracts\AeroTech.Messages\AeroTech.Messages.csproj", "{FFF8A819-8E33-4DDD-99DF-45CA3004F06B}"
EndProject
Project("{2150E333-8FDC-42A3-9474-1A3956D46DE8}") = "src", "src", "{827E0CD3-B72D-47B6-A68D-7590B98EB39B}"
EndProject
Project("{2150E333-8FDC-42A3-9474-1A3956D46DE8}") = "Core", "Core", "{8D626EA8-CB54-BC41-363A-217881BEBA6E}"
EndProject
Project("{FAE04EC0-301F-11D3-BF4B-00C04F79EFBC}") = "AeroTech.Ancillary.Domain", "src\AeroTech.Ancillary.Domain\AeroTech.Ancillary.Domain.csproj", "{8C992586-7B76-467B-AA8C-37C4BD76F84B}"
EndProject
Project("{FAE04EC0-301F-11D3-BF4B-00C04F79EFBC}") = "AeroTech.Ancillary.Application", "src\AeroTech.Ancillary.Application\AeroTech.Ancillary.Application.csproj", "{FA6648F8-9132-4B97-BB96-C494B5649027}"
EndProject
Project("{2150E333-8FDC-42A3-9474-1A3956D46DE8}") = "Infrastructure", "Infrastructure", "{9048EB7F-3875-A59E-E36B-5BD4C6F2A282}"
EndProject
Project("{FAE04EC0-301F-11D3-BF4B-00C04F79EFBC}") = "AeroTech.Ancillary.Persistence", "src\AeroTech.Ancillary.Persistence\AeroTech.Ancillary.Persistence.csproj", "{BEEFB2FF-F13C-4B03-8732-5A2B7AE7278C}"
EndProject
Project("{FAE04EC0-301F-11D3-BF4B-00C04F79EFBC}") = "AeroTech.Ancillary.Providers", "src\AeroTech.Ancillary.Providers\AeroTech.Ancillary.Providers.csproj", "{F45A110D-F80B-45D0-BBEF-77DED45ED773}"
EndProject
Project("{FAE04EC0-301F-11D3-BF4B-00C04F79EFBC}") = "AeroTech.Ancillary.Query", "src\AeroTech.Ancillary.Query\AeroTech.Ancillary.Query.csproj", "{D02DADE0-6BD6-4045-AAD0-518C9D1B4042}"
EndProject
Project("{FAE04EC0-301F-11D3-BF4B-00C04F79EFBC}") = "AeroTech.Ancillary.Synchronizer", "src\AeroTech.Ancillary.Synchronizer\AeroTech.Ancillary.Synchronizer.csproj", "{ABF29699-9CF5-4906-8CE0-F75181A9C587}"
EndProject
Project("{2150E333-8FDC-42A3-9474-1A3956D46DE8}") = "Presentation", "Presentation", "{6996BBF7-DB31-59BC-C7DD-9A7CCC6138C4}"
EndProject
Project("{FAE04EC0-301F-11D3-BF4B-00C04F79EFBC}") = "AeroTech.Ancillary.Consumers", "src\AeroTech.Ancillary.Consumers\AeroTech.Ancillary.Consumers.csproj", "{032E9299-C512-47ED-AFB1-DCF670750254}"
EndProject
Project("{FAE04EC0-301F-11D3-BF4B-00C04F79EFBC}") = "AeroTech.Ancillary.RestApi", "src\AeroTech.Ancillary.RestApi\AeroTech.Ancillary.RestApi.csproj", "{816BE60D-5DF5-4E14-850C-4DF9F2E55A24}"
EndProject
Project("{FAE04EC0-301F-11D3-BF4B-00C04F79EFBC}") = "AeroTech.Ancillary.ServiceHost", "src\AeroTech.Ancillary.ServiceHost\AeroTech.Ancillary.ServiceHost.csproj", "{98B1FB96-0952-4E07-96F4-4C17C400E042}"
EndProject
Project("{2150E333-8FDC-42A3-9474-1A3956D46DE8}") = "tests", "tests", "{0AB3BF05-4346-4AA6-1389-037BE0695223}"
EndProject
Project("{FAE04EC0-301F-11D3-BF4B-00C04F79EFBC}") = "AeroTech.Ancillary.Domain.ConformanceTests", "tests\AeroTech.Ancillary.Domain.ConformanceTests\AeroTech.Ancillary.Domain.ConformanceTests.csproj", "{1163F62C-717A-499C-9330-6283DEDBDE33}"
EndProject
Project("{FAE04EC0-301F-11D3-BF4B-00C04F79EFBC}") = "AeroTech.Ancillary.Application.AcceptanceTests", "tests\AeroTech.Ancillary.Application.AcceptanceTests\AeroTech.Ancillary.Application.AcceptanceTests.csproj", "{F1FBD8CC-20A3-4B16-80FD-DF58F0174FB5}"
EndProject
Project("{FAE04EC0-301F-11D3-BF4B-00C04F79EFBC}") = "AeroTech.Ancillary.ReferenceData", "src\AeroTech.Ancillary.ReferenceData\AeroTech.Ancillary.ReferenceData.csproj", "{47B207CF-6F18-43D3-9AD9-0006EFA38B91}"
EndProject
Global
	GlobalSection(SolutionConfigurationPlatforms) = preSolution
		Debug|Any CPU = Debug|Any CPU
		Debug|x64 = Debug|x64
		Debug|x86 = Debug|x86
		Release|Any CPU = Release|Any CPU
		Release|x64 = Release|x64
		Release|x86 = Release|x86
	EndGlobalSection
	GlobalSection(ProjectConfigurationPlatforms) = postSolution
		{A304091A-59BB-4ED4-99CB-28E20EEBFCFF}.Debug|Any CPU.ActiveCfg = Debug|Any CPU
		{A304091A-59BB-4ED4-99CB-28E20EEBFCFF}.Debug|Any CPU.Build.0 = Debug|Any CPU
		{A304091A-59BB-4ED4-99CB-28E20EEBFCFF}.Debug|x64.ActiveCfg = Debug|Any CPU
		{A304091A-59BB-4ED4-99CB-28E20EEBFCFF}.Debug|x64.Build.0 = Debug|Any CPU
		{A304091A-59BB-4ED4-99CB-28E20EEBFCFF}.Debug|x86.ActiveCfg = Debug|Any CPU
		{A304091A-59BB-4ED4-99CB-28E20EEBFCFF}.Debug|x86.Build.0 = Debug|Any CPU
		{A304091A-59BB-4ED4-99CB-28E20EEBFCFF}.Release|Any CPU.ActiveCfg = Release|Any CPU
		{A304091A-59BB-4ED4-99CB-28E20EEBFCFF}.Release|Any CPU.Build.0 = Release|Any CPU
		{A304091A-59BB-4ED4-99CB-28E20EEBFCFF}.Release|x64.ActiveCfg = Release|Any CPU
		{A304091A-59BB-4ED4-99CB-28E20EEBFCFF}.Release|x64.Build.0 = Release|Any CPU
		{A304091A-59BB-4ED4-99CB-28E20EEBFCFF}.Release|x86.ActiveCfg = Release|Any CPU
		{A304091A-59BB-4ED4-99CB-28E20EEBFCFF}.Release|x86.Build.0 = Release|Any CPU
		{85DD446A-6AD0-4468-9667-5C105C1110FA}.Debug|Any CPU.ActiveCfg = Debug|Any CPU
		{85DD446A-6AD0-4468-9667-5C105C1110FA}.Debug|Any CPU.Build.0 = Debug|Any CPU
		{85DD446A-6AD0-4468-9667-5C105C1110FA}.Debug|x64.ActiveCfg = Debug|Any CPU
		{85DD446A-6AD0-4468-9667-5C105C1110FA}.Debug|x64.Build.0 = Debug|Any CPU
		{85DD446A-6AD0-4468-9667-5C105C1110FA}.Debug|x86.ActiveCfg = Debug|Any CPU
		{85DD446A-6AD0-4468-9667-5C105C1110FA}.Debug|x86.Build.0 = Debug|Any CPU
		{85DD446A-6AD0-4468-9667-5C105C1110FA}.Release|Any CPU.ActiveCfg = Release|Any CPU
		{85DD446A-6AD0-4468-9667-5C105C1110FA}.Release|Any CPU.Build.0 = Release|Any CPU
		{85DD446A-6AD0-4468-9667-5C105C1110FA}.Release|x64.ActiveCfg = Release|Any CPU
		{85DD446A-6AD0-4468-9667-5C105C1110FA}.Release|x64.Build.0 = Release|Any CPU
		{85DD446A-6AD0-4468-9667-5C105C1110FA}.Release|x86.ActiveCfg = Release|Any CPU
		{85DD446A-6AD0-4468-9667-5C105C1110FA}.Release|x86.Build.0 = Release|Any CPU
		{A0D391E1-D79F-4209-BFE8-2D269544DCD7}.Debug|Any CPU.ActiveCfg = Debug|Any CPU
		{A0D391E1-D79F-4209-BFE8-2D269544DCD7}.Debug|Any CPU.Build.0 = Debug|Any CPU
		{A0D391E1-D79F-4209-BFE8-2D269544DCD7}.Debug|x64.ActiveCfg = Debug|Any CPU
		{A0D391E1-D79F-4209-BFE8-2D269544DCD7}.Debug|x64.Build.0 = Debug|Any CPU
		{A0D391E1-D79F-4209-BFE8-2D269544DCD7}.Debug|x86.ActiveCfg = Debug|Any CPU
		{A0D391E1-D79F-4209-BFE8-2D269544DCD7}.Debug|x86.Build.0 = Debug|Any CPU
		{A0D391E1-D79F-4209-BFE8-2D269544DCD7}.Release|Any CPU.ActiveCfg = Release|Any CPU
		{A0D391E1-D79F-4209-BFE8-2D269544DCD7}.Release|Any CPU.Build.0 = Release|Any CPU
		{A0D391E1-D79F-4209-BFE8-2D269544DCD7}.Release|x64.ActiveCfg = Release|Any CPU
		{A0D391E1-D79F-4209-BFE8-2D269544DCD7}.Release|x64.Build.0 = Release|Any CPU
		{A0D391E1-D79F-4209-BFE8-2D269544DCD7}.Release|x86.ActiveCfg = Release|Any CPU
		{A0D391E1-D79F-4209-BFE8-2D269544DCD7}.Release|x86.Build.0 = Release|Any CPU
		{FFF8A819-8E33-4DDD-99DF-45CA3004F06B}.Debug|Any CPU.ActiveCfg = Debug|Any CPU
		{FFF8A819-8E33-4DDD-99DF-45CA3004F06B}.Debug|Any CPU.Build.0 = Debug|Any CPU
		{FFF8A819-8E33-4DDD-99DF-45CA3004F06B}.Debug|x64.ActiveCfg = Debug|Any CPU
		{FFF8A819-8E33-4DDD-99DF-45CA3004F06B}.Debug|x64.Build.0 = Debug|Any CPU
		{FFF8A819-8E33-4DDD-99DF-45CA3004F06B}.Debug|x86.ActiveCfg = Debug|Any CPU
		{FFF8A819-8E33-4DDD-99DF-45CA3004F06B}.Debug|x86.Build.0 = Debug|Any CPU
		{FFF8A819-8E33-4DDD-99DF-45CA3004F06B}.Release|Any CPU.ActiveCfg = Release|Any CPU
		{FFF8A819-8E33-4DDD-99DF-45CA3004F06B}.Release|Any CPU.Build.0 = Release|Any CPU
		{FFF8A819-8E33-4DDD-99DF-45CA3004F06B}.Release|x64.ActiveCfg = Release|Any CPU
		{FFF8A819-8E33-4DDD-99DF-45CA3004F06B}.Release|x64.Build.0 = Release|Any CPU
		{FFF8A819-8E33-4DDD-99DF-45CA3004F06B}.Release|x86.ActiveCfg = Release|Any CPU
		{FFF8A819-8E33-4DDD-99DF-45CA3004F06B}.Release|x86.Build.0 = Release|Any CPU
		{8C992586-7B76-467B-AA8C-37C4BD76F84B}.Debug|Any CPU.ActiveCfg = Debug|Any CPU
		{8C992586-7B76-467B-AA8C-37C4BD76F84B}.Debug|Any CPU.Build.0 = Debug|Any CPU
		{8C992586-7B76-467B-AA8C-37C4BD76F84B}.Debug|x64.ActiveCfg = Debug|Any CPU
		{8C992586-7B76-467B-AA8C-37C4BD76F84B}.Debug|x64.Build.0 = Debug|Any CPU
		{8C992586-7B76-467B-AA8C-37C4BD76F84B}.Debug|x86.ActiveCfg = Debug|Any CPU
		{8C992586-7B76-467B-AA8C-37C4BD76F84B}.Debug|x86.Build.0 = Debug|Any CPU
		{8C992586-7B76-467B-AA8C-37C4BD76F84B}.Release|Any CPU.ActiveCfg = Release|Any CPU
		{8C992586-7B76-467B-AA8C-37C4BD76F84B}.Release|Any CPU.Build.0 = Release|Any CPU
		{8C992586-7B76-467B-AA8C-37C4BD76F84B}.Release|x64.ActiveCfg = Release|Any CPU
		{8C992586-7B76-467B-AA8C-37C4BD76F84B}.Release|x64.Build.0 = Release|Any CPU
		{8C992586-7B76-467B-AA8C-37C4BD76F84B}.Release|x86.ActiveCfg = Release|Any CPU
		{8C992586-7B76-467B-AA8C-37C4BD76F84B}.Release|x86.Build.0 = Release|Any CPU
		{FA6648F8-9132-4B97-BB96-C494B5649027}.Debug|Any CPU.ActiveCfg = Debug|Any CPU
		{FA6648F8-9132-4B97-BB96-C494B5649027}.Debug|Any CPU.Build.0 = Debug|Any CPU
		{FA6648F8-9132-4B97-BB96-C494B5649027}.Debug|x64.ActiveCfg = Debug|Any CPU
		{FA6648F8-9132-4B97-BB96-C494B5649027}.Debug|x64.Build.0 = Debug|Any CPU
		{FA6648F8-9132-4B97-BB96-C494B5649027}.Debug|x86.ActiveCfg = Debug|Any CPU
		{FA6648F8-9132-4B97-BB96-C494B5649027}.Debug|x86.Build.0 = Debug|Any CPU
		{FA6648F8-9132-4B97-BB96-C494B5649027}.Release|Any CPU.ActiveCfg = Release|Any CPU
		{FA6648F8-9132-4B97-BB96-C494B5649027}.Release|Any CPU.Build.0 = Release|Any CPU
		{FA6648F8-9132-4B97-BB96-C494B5649027}.Release|x64.ActiveCfg = Release|Any CPU
		{FA6648F8-9132-4B97-BB96-C494B5649027}.Release|x64.Build.0 = Release|Any CPU
		{FA6648F8-9132-4B97-BB96-C494B5649027}.Release|x86.ActiveCfg = Release|Any CPU
		{FA6648F8-9132-4B97-BB96-C494B5649027}.Release|x86.Build.0 = Release|Any CPU
		{BEEFB2FF-F13C-4B03-8732-5A2B7AE7278C}.Debug|Any CPU.ActiveCfg = Debug|Any CPU
		{BEEFB2FF-F13C-4B03-8732-5A2B7AE7278C}.Debug|Any CPU.Build.0 = Debug|Any CPU
		{BEEFB2FF-F13C-4B03-8732-5A2B7AE7278C}.Debug|x64.ActiveCfg = Debug|Any CPU
		{BEEFB2FF-F13C-4B03-8732-5A2B7AE7278C}.Debug|x64.Build.0 = Debug|Any CPU
		{BEEFB2FF-F13C-4B03-8732-5A2B7AE7278C}.Debug|x86.ActiveCfg = Debug|Any CPU
		{BEEFB2FF-F13C-4B03-8732-5A2B7AE7278C}.Debug|x86.Build.0 = Debug|Any CPU
		{BEEFB2FF-F13C-4B03-8732-5A2B7AE7278C}.Release|Any CPU.ActiveCfg = Release|Any CPU
		{BEEFB2FF-F13C-4B03-8732-5A2B7AE7278C}.Release|Any CPU.Build.0 = Release|Any CPU
		{BEEFB2FF-F13C-4B03-8732-5A2B7AE7278C}.Release|x64.ActiveCfg = Release|Any CPU
		{BEEFB2FF-F13C-4B03-8732-5A2B7AE7278C}.Release|x64.Build.0 = Release|Any CPU
		{BEEFB2FF-F13C-4B03-8732-5A2B7AE7278C}.Release|x86.ActiveCfg = Release|Any CPU
		{BEEFB2FF-F13C-4B03-8732-5A2B7AE7278C}.Release|x86.Build.0 = Release|Any CPU
		{F45A110D-F80B-45D0-BBEF-77DED45ED773}.Debug|Any CPU.ActiveCfg = Debug|Any CPU
		{F45A110D-F80B-45D0-BBEF-77DED45ED773}.Debug|Any CPU.Build.0 = Debug|Any CPU
		{F45A110D-F80B-45D0-BBEF-77DED45ED773}.Debug|x64.ActiveCfg = Debug|Any CPU
		{F45A110D-F80B-45D0-BBEF-77DED45ED773}.Debug|x64.Build.0 = Debug|Any CPU
		{F45A110D-F80B-45D0-BBEF-77DED45ED773}.Debug|x86.ActiveCfg = Debug|Any CPU
		{F45A110D-F80B-45D0-BBEF-77DED45ED773}.Debug|x86.Build.0 = Debug|Any CPU
		{F45A110D-F80B-45D0-BBEF-77DED45ED773}.Release|Any CPU.ActiveCfg = Release|Any CPU
		{F45A110D-F80B-45D0-BBEF-77DED45ED773}.Release|Any CPU.Build.0 = Release|Any CPU
		{F45A110D-F80B-45D0-BBEF-77DED45ED773}.Release|x64.ActiveCfg = Release|Any CPU
		{F45A110D-F80B-45D0-BBEF-77DED45ED773}.Release|x64.Build.0 = Release|Any CPU
		{F45A110D-F80B-45D0-BBEF-77DED45ED773}.Release|x86.ActiveCfg = Release|Any CPU
		{F45A110D-F80B-45D0-BBEF-77DED45ED773}.Release|x86.Build.0 = Release|Any CPU
		{D02DADE0-6BD6-4045-AAD0-518C9D1B4042}.Debug|Any CPU.ActiveCfg = Debug|Any CPU
		{D02DADE0-6BD6-4045-AAD0-518C9D1B4042}.Debug|Any CPU.Build.0 = Debug|Any CPU
		{D02DADE0-6BD6-4045-AAD0-518C9D1B4042}.Debug|x64.ActiveCfg = Debug|Any CPU
		{D02DADE0-6BD6-4045-AAD0-518C9D1B4042}.Debug|x64.Build.0 = Debug|Any CPU
		{D02DADE0-6BD6-4045-AAD0-518C9D1B4042}.Debug|x86.ActiveCfg = Debug|Any CPU
		{D02DADE0-6BD6-4045-AAD0-518C9D1B4042}.Debug|x86.Build.0 = Debug|Any CPU
		{D02DADE0-6BD6-4045-AAD0-518C9D1B4042}.Release|Any CPU.ActiveCfg = Release|Any CPU
		{D02DADE0-6BD6-4045-AAD0-518C9D1B4042}.Release|Any CPU.Build.0 = Release|Any CPU
		{D02DADE0-6BD6-4045-AAD0-518C9D1B4042}.Release|x64.ActiveCfg = Release|Any CPU
		{D02DADE0-6BD6-4045-AAD0-518C9D1B4042}.Release|x64.Build.0 = Release|Any CPU
		{D02DADE0-6BD6-4045-AAD0-518C9D1B4042}.Release|x86.ActiveCfg = Release|Any CPU
		{D02DADE0-6BD6-4045-AAD0-518C9D1B4042}.Release|x86.Build.0 = Release|Any CPU
		{ABF29699-9CF5-4906-8CE0-F75181A9C587}.Debug|Any CPU.ActiveCfg = Debug|Any CPU
		{ABF29699-9CF5-4906-8CE0-F75181A9C587}.Debug|Any CPU.Build.0 = Debug|Any CPU
		{ABF29699-9CF5-4906-8CE0-F75181A9C587}.Debug|x64.ActiveCfg = Debug|Any CPU
		{ABF29699-9CF5-4906-8CE0-F75181A9C587}.Debug|x64.Build.0 = Debug|Any CPU
		{ABF29699-9CF5-4906-8CE0-F75181A9C587}.Debug|x86.ActiveCfg = Debug|Any CPU
		{ABF29699-9CF5-4906-8CE0-F75181A9C587}.Debug|x86.Build.0 = Debug|Any CPU
		{ABF29699-9CF5-4906-8CE0-F75181A9C587}.Release|Any CPU.ActiveCfg = Release|Any CPU
		{ABF29699-9CF5-4906-8CE0-F75181A9C587}.Release|Any CPU.Build.0 = Release|Any CPU
		{ABF29699-9CF5-4906-8CE0-F75181A9C587}.Release|x64.ActiveCfg = Release|Any CPU
		{ABF29699-9CF5-4906-8CE0-F75181A9C587}.Release|x64.Build.0 = Release|Any CPU
		{ABF29699-9CF5-4906-8CE0-F75181A9C587}.Release|x86.ActiveCfg = Release|Any CPU
		{ABF29699-9CF5-4906-8CE0-F75181A9C587}.Release|x86.Build.0 = Release|Any CPU
		{032E9299-C512-47ED-AFB1-DCF670750254}.Debug|Any CPU.ActiveCfg = Debug|Any CPU
		{032E9299-C512-47ED-AFB1-DCF670750254}.Debug|Any CPU.Build.0 = Debug|Any CPU
		{032E9299-C512-47ED-AFB1-DCF670750254}.Debug|x64.ActiveCfg = Debug|Any CPU
		{032E9299-C512-47ED-AFB1-DCF670750254}.Debug|x64.Build.0 = Debug|Any CPU
		{032E9299-C512-47ED-AFB1-DCF670750254}.Debug|x86.ActiveCfg = Debug|Any CPU
		{032E9299-C512-47ED-AFB1-DCF670750254}.Debug|x86.Build.0 = Debug|Any CPU
		{032E9299-C512-47ED-AFB1-DCF670750254}.Release|Any CPU.ActiveCfg = Release|Any CPU
		{032E9299-C512-47ED-AFB1-DCF670750254}.Release|Any CPU.Build.0 = Release|Any CPU
		{032E9299-C512-47ED-AFB1-DCF670750254}.Release|x64.ActiveCfg = Release|Any CPU
		{032E9299-C512-47ED-AFB1-DCF670750254}.Release|x64.Build.0 = Release|Any CPU
		{032E9299-C512-47ED-AFB1-DCF670750254}.Release|x86.ActiveCfg = Release|Any CPU
		{032E9299-C512-47ED-AFB1-DCF670750254}.Release|x86.Build.0 = Release|Any CPU
		{816BE60D-5DF5-4E14-850C-4DF9F2E55A24}.Debug|Any CPU.ActiveCfg = Debug|Any CPU
		{816BE60D-5DF5-4E14-850C-4DF9F2E55A24}.Debug|Any CPU.Build.0 = Debug|Any CPU
		{816BE60D-5DF5-4E14-850C-4DF9F2E55A24}.Debug|x64.ActiveCfg = Debug|Any CPU
		{816BE60D-5DF5-4E14-850C-4DF9F2E55A24}.Debug|x64.Build.0 = Debug|Any CPU
		{816BE60D-5DF5-4E14-850C-4DF9F2E55A24}.Debug|x86.ActiveCfg = Debug|Any CPU
		{816BE60D-5DF5-4E14-850C-4DF9F2E55A24}.Debug|x86.Build.0 = Debug|Any CPU
		{816BE60D-5DF5-4E14-850C-4DF9F2E55A24}.Release|Any CPU.ActiveCfg = Release|Any CPU
		{816BE60D-5DF5-4E14-850C-4DF9F2E55A24}.Release|Any CPU.Build.0 = Release|Any CPU
		{816BE60D-5DF5-4E14-850C-4DF9F2E55A24}.Release|x64.ActiveCfg = Release|Any CPU
		{816BE60D-5DF5-4E14-850C-4DF9F2E55A24}.Release|x64.Build.0 = Release|Any CPU
		{816BE60D-5DF5-4E14-850C-4DF9F2E55A24}.Release|x86.ActiveCfg = Release|Any CPU
		{816BE60D-5DF5-4E14-850C-4DF9F2E55A24}.Release|x86.Build.0 = Release|Any CPU
		{98B1FB96-0952-4E07-96F4-4C17C400E042}.Debug|Any CPU.ActiveCfg = Debug|Any CPU
		{98B1FB96-0952-4E07-96F4-4C17C400E042}.Debug|Any CPU.Build.0 = Debug|Any CPU
		{98B1FB96-0952-4E07-96F4-4C17C400E042}.Debug|x64.ActiveCfg = Debug|Any CPU
		{98B1FB96-0952-4E07-96F4-4C17C400E042}.Debug|x64.Build.0 = Debug|Any CPU
		{98B1FB96-0952-4E07-96F4-4C17C400E042}.Debug|x86.ActiveCfg = Debug|Any CPU
		{98B1FB96-0952-4E07-96F4-4C17C400E042}.Debug|x86.Build.0 = Debug|Any CPU
		{98B1FB96-0952-4E07-96F4-4C17C400E042}.Release|Any CPU.ActiveCfg = Release|Any CPU
		{98B1FB96-0952-4E07-96F4-4C17C400E042}.Release|Any CPU.Build.0 = Release|Any CPU
		{98B1FB96-0952-4E07-96F4-4C17C400E042}.Release|x64.ActiveCfg = Release|Any CPU
		{98B1FB96-0952-4E07-96F4-4C17C400E042}.Release|x64.Build.0 = Release|Any CPU
		{98B1FB96-0952-4E07-96F4-4C17C400E042}.Release|x86.ActiveCfg = Release|Any CPU
		{98B1FB96-0952-4E07-96F4-4C17C400E042}.Release|x86.Build.0 = Release|Any CPU
		{1163F62C-717A-499C-9330-6283DEDBDE33}.Debug|Any CPU.ActiveCfg = Debug|Any CPU
		{1163F62C-717A-499C-9330-6283DEDBDE33}.Debug|Any CPU.Build.0 = Debug|Any CPU
		{1163F62C-717A-499C-9330-6283DEDBDE33}.Debug|x64.ActiveCfg = Debug|Any CPU
		{1163F62C-717A-499C-9330-6283DEDBDE33}.Debug|x64.Build.0 = Debug|Any CPU
		{1163F62C-717A-499C-9330-6283DEDBDE33}.Debug|x86.ActiveCfg = Debug|Any CPU
		{1163F62C-717A-499C-9330-6283DEDBDE33}.Debug|x86.Build.0 = Debug|Any CPU
		{1163F62C-717A-499C-9330-6283DEDBDE33}.Release|Any CPU.ActiveCfg = Release|Any CPU
		{1163F62C-717A-499C-9330-6283DEDBDE33}.Release|Any CPU.Build.0 = Release|Any CPU
		{1163F62C-717A-499C-9330-6283DEDBDE33}.Release|x64.ActiveCfg = Release|Any CPU
		{1163F62C-717A-499C-9330-6283DEDBDE33}.Release|x64.Build.0 = Release|Any CPU
		{1163F62C-717A-499C-9330-6283DEDBDE33}.Release|x86.ActiveCfg = Release|Any CPU
		{1163F62C-717A-499C-9330-6283DEDBDE33}.Release|x86.Build.0 = Release|Any CPU
		{F1FBD8CC-20A3-4B16-80FD-DF58F0174FB5}.Debug|Any CPU.ActiveCfg = Debug|Any CPU
		{F1FBD8CC-20A3-4B16-80FD-DF58F0174FB5}.Debug|Any CPU.Build.0 = Debug|Any CPU
		{F1FBD8CC-20A3-4B16-80FD-DF58F0174FB5}.Debug|x64.ActiveCfg = Debug|Any CPU
		{F1FBD8CC-20A3-4B16-80FD-DF58F0174FB5}.Debug|x64.Build.0 = Debug|Any CPU
		{F1FBD8CC-20A3-4B16-80FD-DF58F0174FB5}.Debug|x86.ActiveCfg = Debug|Any CPU
		{F1FBD8CC-20A3-4B16-80FD-DF58F0174FB5}.Debug|x86.Build.0 = Debug|Any CPU
		{F1FBD8CC-20A3-4B16-80FD-DF58F0174FB5}.Release|Any CPU.ActiveCfg = Release|Any CPU
		{F1FBD8CC-20A3-4B16-80FD-DF58F0174FB5}.Release|Any CPU.Build.0 = Release|Any CPU
		{F1FBD8CC-20A3-4B16-80FD-DF58F0174FB5}.Release|x64.ActiveCfg = Release|Any CPU
		{F1FBD8CC-20A3-4B16-80FD-DF58F0174FB5}.Release|x64.Build.0 = Release|Any CPU
		{F1FBD8CC-20A3-4B16-80FD-DF58F0174FB5}.Release|x86.ActiveCfg = Release|Any CPU
		{F1FBD8CC-20A3-4B16-80FD-DF58F0174FB5}.Release|x86.Build.0 = Release|Any CPU
		{47B207CF-6F18-43D3-9AD9-0006EFA38B91}.Debug|Any CPU.ActiveCfg = Debug|Any CPU
		{47B207CF-6F18-43D3-9AD9-0006EFA38B91}.Debug|Any CPU.Build.0 = Debug|Any CPU
		{47B207CF-6F18-43D3-9AD9-0006EFA38B91}.Debug|x64.ActiveCfg = Debug|Any CPU
		{47B207CF-6F18-43D3-9AD9-0006EFA38B91}.Debug|x64.Build.0 = Debug|Any CPU
		{47B207CF-6F18-43D3-9AD9-0006EFA38B91}.Debug|x86.ActiveCfg = Debug|Any CPU
		{47B207CF-6F18-43D3-9AD9-0006EFA38B91}.Debug|x86.Build.0 = Debug|Any CPU
		{47B207CF-6F18-43D3-9AD9-0006EFA38B91}.Release|Any CPU.ActiveCfg = Release|Any CPU
		{47B207CF-6F18-43D3-9AD9-0006EFA38B91}.Release|Any CPU.Build.0 = Release|Any CPU
		{47B207CF-6F18-43D3-9AD9-0006EFA38B91}.Release|x64.ActiveCfg = Release|Any CPU
		{47B207CF-6F18-43D3-9AD9-0006EFA38B91}.Release|x64.Build.0 = Release|Any CPU
		{47B207CF-6F18-43D3-9AD9-0006EFA38B91}.Release|x86.ActiveCfg = Release|Any CPU
		{47B207CF-6F18-43D3-9AD9-0006EFA38B91}.Release|x86.Build.0 = Release|Any CPU
	EndGlobalSection
	GlobalSection(SolutionProperties) = preSolution
		HideSolutionNode = FALSE
	EndGlobalSection
	GlobalSection(NestedProjects) = preSolution
		{A304091A-59BB-4ED4-99CB-28E20EEBFCFF} = {9A0CCAB9-4303-13B4-2371-F1B97FF5B728}
		{85DD446A-6AD0-4468-9667-5C105C1110FA} = {9A0CCAB9-4303-13B4-2371-F1B97FF5B728}
		{A0D391E1-D79F-4209-BFE8-2D269544DCD7} = {9A0CCAB9-4303-13B4-2371-F1B97FF5B728}
		{FFF8A819-8E33-4DDD-99DF-45CA3004F06B} = {A73F2606-6D4C-3EEE-1759-0E59DCFEF523}
		{8D626EA8-CB54-BC41-363A-217881BEBA6E} = {827E0CD3-B72D-47B6-A68D-7590B98EB39B}
		{8C992586-7B76-467B-AA8C-37C4BD76F84B} = {8D626EA8-CB54-BC41-363A-217881BEBA6E}
		{FA6648F8-9132-4B97-BB96-C494B5649027} = {8D626EA8-CB54-BC41-363A-217881BEBA6E}
		{9048EB7F-3875-A59E-E36B-5BD4C6F2A282} = {827E0CD3-B72D-47B6-A68D-7590B98EB39B}
		{BEEFB2FF-F13C-4B03-8732-5A2B7AE7278C} = {9048EB7F-3875-A59E-E36B-5BD4C6F2A282}
		{F45A110D-F80B-45D0-BBEF-77DED45ED773} = {9048EB7F-3875-A59E-E36B-5BD4C6F2A282}
		{D02DADE0-6BD6-4045-AAD0-518C9D1B4042} = {9048EB7F-3875-A59E-E36B-5BD4C6F2A282}
		{ABF29699-9CF5-4906-8CE0-F75181A9C587} = {9048EB7F-3875-A59E-E36B-5BD4C6F2A282}
		{6996BBF7-DB31-59BC-C7DD-9A7CCC6138C4} = {827E0CD3-B72D-47B6-A68D-7590B98EB39B}
		{032E9299-C512-47ED-AFB1-DCF670750254} = {6996BBF7-DB31-59BC-C7DD-9A7CCC6138C4}
		{816BE60D-5DF5-4E14-850C-4DF9F2E55A24} = {6996BBF7-DB31-59BC-C7DD-9A7CCC6138C4}
		{98B1FB96-0952-4E07-96F4-4C17C400E042} = {827E0CD3-B72D-47B6-A68D-7590B98EB39B}
		{1163F62C-717A-499C-9330-6283DEDBDE33} = {0AB3BF05-4346-4AA6-1389-037BE0695223}
		{F1FBD8CC-20A3-4B16-80FD-DF58F0174FB5} = {0AB3BF05-4346-4AA6-1389-037BE0695223}
		{47B207CF-6F18-43D3-9AD9-0006EFA38B91} = {827E0CD3-B72D-47B6-A68D-7590B98EB39B}
	EndGlobalSection
EndGlobal
